
Microsoft Visual Studio Solution File, Format Version 12.00
# Visual Studio Version 16
VisualStudioVersion = 16.0.32002.261
MinimumVisualStudioVersion = 10.0.40219.1
Project("{FAE04EC0-301F-11D3-BF4B-00C04F79EFBC}") = "GuessingGameButBetter", "GuessingGameButBetter.csproj", "{0AEA2C8C-7BD6-458F-A441-9688AC86E35E}"
EndProject
Global
	GlobalSection(SolutionConfigurationPlatforms) = preSolution
		Debug|Any CPU = Debug|Any CPU
		Release|Any CPU = Release|Any CPU
	EndGlobalSection
	GlobalSection(ProjectConfigurationPlatforms) = postSolution
		{0AEA2C8C-7BD6-458F-A441-9688AC86E35E}.Debug|Any CPU.ActiveCfg = Debug|Any CPU
		{0AEA2C8C-7BD6-458F-A441-9688AC86E35E}.Debug|Any CPU.Build.0 = Debug|Any CPU
		{0AEA2C8C-7BD6-458F-A441-9688AC86E35E}.Release|Any CPU.ActiveCfg = Release|Any CPU
		{0AEA2C8C-7BD6-458F-A441-9688AC86E35E}.Release|Any CPU.Build.0 = Release|Any CPU
	EndGlobalSection
	GlobalSection(SolutionProperties) = preSolution
		HideSolutionNode = FALSE
	EndGlobalSection
	GlobalSection(ExtensibilityGlobals) = postSolution
		SolutionGuid = {891DE487-67EA-4907-B8D9-A4C5F3066444}
	EndGlobalSection
EndGlobal
