
Microsoft Visual Studio Solution File, Format Version 12.00
# Visual Studio Version 16
VisualStudioVersion = 16.0.32002.261
MinimumVisualStudioVersion = 10.0.40219.1
Project("{FAE04EC0-301F-11D3-BF4B-00C04F79EFBC}") = "TankBattles", "TankBattles.csproj", "{81B7FB71-F53B-446A-B00C-236A7DA19B47}"
EndProject
Global
	GlobalSection(SolutionConfigurationPlatforms) = preSolution
		Debug|Any CPU = Debug|Any CPU
		Release|Any CPU = Release|Any CPU
	EndGlobalSection
	GlobalSection(ProjectConfigurationPlatforms) = postSolution
		{81B7FB71-F53B-446A-B00C-236A7DA19B47}.Debug|Any CPU.ActiveCfg = Debug|Any CPU
		{81B7FB71-F53B-446A-B00C-236A7DA19B47}.Debug|Any CPU.Build.0 = Debug|Any CPU
		{81B7FB71-F53B-446A-B00C-236A7DA19B47}.Release|Any CPU.ActiveCfg = Release|Any CPU
		{81B7FB71-F53B-446A-B00C-236A7DA19B47}.Release|Any CPU.Build.0 = Release|Any CPU
	EndGlobalSection
	GlobalSection(SolutionProperties) = preSolution
		HideSolutionNode = FALSE
	EndGlobalSection
	GlobalSection(ExtensibilityGlobals) = postSolution
		SolutionGuid = {0C72F106-564E-48C8-A1BA-66CB3AD4AA91}
	EndGlobalSection
EndGlobal
