
Microsoft Visual Studio Solution File, Format Version 12.00
# Visual Studio Version 17
VisualStudioVersion = 17.1.32210.238
MinimumVisualStudioVersion = 10.0.40219.1
Project("{FAE04EC0-301F-11D3-BF4B-00C04F79EFBC}") = "Area.exe", "Area.exe\Area.exe.csproj", "{4838C2EB-08B2-4DFD-B667-60507D4E0DCC}"
EndProject
Global
	GlobalSection(SolutionConfigurationPlatforms) = preSolution
		Debug|Any CPU = Debug|Any CPU
		Release|Any CPU = Release|Any CPU
	EndGlobalSection
	GlobalSection(ProjectConfigurationPlatforms) = postSolution
		{4838C2EB-08B2-4DFD-B667-60507D4E0DCC}.Debug|Any CPU.ActiveCfg = Debug|Any CPU
		{4838C2EB-08B2-4DFD-B667-60507D4E0DCC}.Debug|Any CPU.Build.0 = Debug|Any CPU
		{4838C2EB-08B2-4DFD-B667-60507D4E0DCC}.Release|Any CPU.ActiveCfg = Release|Any CPU
		{4838C2EB-08B2-4DFD-B667-60507D4E0DCC}.Release|Any CPU.Build.0 = Release|Any CPU
	EndGlobalSection
	GlobalSection(SolutionProperties) = preSolution
		HideSolutionNode = FALSE
	EndGlobalSection
	GlobalSection(ExtensibilityGlobals) = postSolution
		SolutionGuid = {8764432A-69B7-49BF-8018-B61936B615C7}
	EndGlobalSection
EndGlobal
