
Microsoft Visual Studio Solution File, Format Version 12.00
# Visual Studio Version 17
VisualStudioVersion = 17.1.32210.238
MinimumVisualStudioVersion = 10.0.40219.1
Project("{FAE04EC0-301F-11D3-BF4B-00C04F79EFBC}") = "RandomNumbers", "RandomNumbers\RandomNumbers.csproj", "{FA768576-4A24-49E5-9054-08E01BB07A86}"
EndProject
Global
	GlobalSection(SolutionConfigurationPlatforms) = preSolution
		Debug|Any CPU = Debug|Any CPU
		Release|Any CPU = Release|Any CPU
	EndGlobalSection
	GlobalSection(ProjectConfigurationPlatforms) = postSolution
		{FA768576-4A24-49E5-9054-08E01BB07A86}.Debug|Any CPU.ActiveCfg = Debug|Any CPU
		{FA768576-4A24-49E5-9054-08E01BB07A86}.Debug|Any CPU.Build.0 = Debug|Any CPU
		{FA768576-4A24-49E5-9054-08E01BB07A86}.Release|Any CPU.ActiveCfg = Release|Any CPU
		{FA768576-4A24-49E5-9054-08E01BB07A86}.Release|Any CPU.Build.0 = Release|Any CPU
	EndGlobalSection
	GlobalSection(SolutionProperties) = preSolution
		HideSolutionNode = FALSE
	EndGlobalSection
	GlobalSection(ExtensibilityGlobals) = postSolution
		SolutionGuid = {AA643C29-0408-4949-B19E-1F03066448D3}
	EndGlobalSection
EndGlobal
