
Microsoft Visual Studio Solution File, Format Version 12.00
# Visual Studio Version 16
VisualStudioVersion = 16.0.32002.261
MinimumVisualStudioVersion = 10.0.40219.1
Project("{FAE04EC0-301F-11D3-BF4B-00C04F79EFBC}") = "Loginbananaboipls", "Loginbananaboipls.csproj", "{63D2C120-6E27-4AC9-BBBE-82B92C209661}"
EndProject
Global
	GlobalSection(SolutionConfigurationPlatforms) = preSolution
		Debug|Any CPU = Debug|Any CPU
		Release|Any CPU = Release|Any CPU
	EndGlobalSection
	GlobalSection(ProjectConfigurationPlatforms) = postSolution
		{63D2C120-6E27-4AC9-BBBE-82B92C209661}.Debug|Any CPU.ActiveCfg = Debug|Any CPU
		{63D2C120-6E27-4AC9-BBBE-82B92C209661}.Debug|Any CPU.Build.0 = Debug|Any CPU
		{63D2C120-6E27-4AC9-BBBE-82B92C209661}.Release|Any CPU.ActiveCfg = Release|Any CPU
		{63D2C120-6E27-4AC9-BBBE-82B92C209661}.Release|Any CPU.Build.0 = Release|Any CPU
	EndGlobalSection
	GlobalSection(SolutionProperties) = preSolution
		HideSolutionNode = FALSE
	EndGlobalSection
	GlobalSection(ExtensibilityGlobals) = postSolution
		SolutionGuid = {0326896C-FA2C-4544-81AE-CFD885C91877}
	EndGlobalSection
EndGlobal
