
Microsoft Visual Studio Solution File, Format Version 12.00
# Visual Studio Version 17
VisualStudioVersion = 17.1.32210.238
MinimumVisualStudioVersion = 10.0.40219.1
Project("{FAE04EC0-301F-11D3-BF4B-00C04F79EFBC}") = "Calcualtor.exe", "Calcualtor.exe\Calcualtor.exe.csproj", "{70C5A667-3F4A-46F7-A847-3FDD0C23742A}"
EndProject
Global
	GlobalSection(SolutionConfigurationPlatforms) = preSolution
		Debug|Any CPU = Debug|Any CPU
		Release|Any CPU = Release|Any CPU
	EndGlobalSection
	GlobalSection(ProjectConfigurationPlatforms) = postSolution
		{70C5A667-3F4A-46F7-A847-3FDD0C23742A}.Debug|Any CPU.ActiveCfg = Debug|Any CPU
		{70C5A667-3F4A-46F7-A847-3FDD0C23742A}.Debug|Any CPU.Build.0 = Debug|Any CPU
		{70C5A667-3F4A-46F7-A847-3FDD0C23742A}.Release|Any CPU.ActiveCfg = Release|Any CPU
		{70C5A667-3F4A-46F7-A847-3FDD0C23742A}.Release|Any CPU.Build.0 = Release|Any CPU
	EndGlobalSection
	GlobalSection(SolutionProperties) = preSolution
		HideSolutionNode = FALSE
	EndGlobalSection
	GlobalSection(ExtensibilityGlobals) = postSolution
		SolutionGuid = {34B407E4-A856-4687-AEA0-EEED5AA68867}
	EndGlobalSection
EndGlobal
