
Microsoft Visual Studio Solution File, Format Version 12.00
# Visual Studio Version 16
VisualStudioVersion = 16.0.32002.261
MinimumVisualStudioVersion = 10.0.40219.1
Project("{FAE04EC0-301F-11D3-BF4B-00C04F79EFBC}") = "Convertingmtimi", "Convertingmtimi.csproj", "{395F3E81-EB30-4827-903B-511184A6BC7A}"
EndProject
Global
	GlobalSection(SolutionConfigurationPlatforms) = preSolution
		Debug|Any CPU = Debug|Any CPU
		Release|Any CPU = Release|Any CPU
	EndGlobalSection
	GlobalSection(ProjectConfigurationPlatforms) = postSolution
		{395F3E81-EB30-4827-903B-511184A6BC7A}.Debug|Any CPU.ActiveCfg = Debug|Any CPU
		{395F3E81-EB30-4827-903B-511184A6BC7A}.Debug|Any CPU.Build.0 = Debug|Any CPU
		{395F3E81-EB30-4827-903B-511184A6BC7A}.Release|Any CPU.ActiveCfg = Release|Any CPU
		{395F3E81-EB30-4827-903B-511184A6BC7A}.Release|Any CPU.Build.0 = Release|Any CPU
	EndGlobalSection
	GlobalSection(SolutionProperties) = preSolution
		HideSolutionNode = FALSE
	EndGlobalSection
	GlobalSection(ExtensibilityGlobals) = postSolution
		SolutionGuid = {3ADCB66D-7205-4BB0-B310-C0908904267D}
	EndGlobalSection
EndGlobal
