
Microsoft Visual Studio Solution File, Format Version 12.00
# Visual Studio Version 17
VisualStudioVersion = 17.1.32210.238
MinimumVisualStudioVersion = 10.0.40219.1
Project("{FAE04EC0-301F-11D3-BF4B-00C04F79EFBC}") = "test545", "test545\test545.csproj", "{393D9AB4-29F5-4601-94CD-D3733B5A00E5}"
EndProject
Global
	GlobalSection(SolutionConfigurationPlatforms) = preSolution
		Debug|Any CPU = Debug|Any CPU
		Release|Any CPU = Release|Any CPU
	EndGlobalSection
	GlobalSection(ProjectConfigurationPlatforms) = postSolution
		{393D9AB4-29F5-4601-94CD-D3733B5A00E5}.Debug|Any CPU.ActiveCfg = Debug|Any CPU
		{393D9AB4-29F5-4601-94CD-D3733B5A00E5}.Debug|Any CPU.Build.0 = Debug|Any CPU
		{393D9AB4-29F5-4601-94CD-D3733B5A00E5}.Release|Any CPU.ActiveCfg = Release|Any CPU
		{393D9AB4-29F5-4601-94CD-D3733B5A00E5}.Release|Any CPU.Build.0 = Release|Any CPU
	EndGlobalSection
	GlobalSection(SolutionProperties) = preSolution
		HideSolutionNode = FALSE
	EndGlobalSection
	GlobalSection(ExtensibilityGlobals) = postSolution
		SolutionGuid = {10F612CF-1DD7-41F5-8D64-1E4C1A74FC5F}
	EndGlobalSection
EndGlobal
