
Microsoft Visual Studio Solution File, Format Version 12.00
# Visual Studio Version 17
VisualStudioVersion = 17.1.32210.238
MinimumVisualStudioVersion = 10.0.40219.1
Project("{FAE04EC0-301F-11D3-BF4B-00C04F79EFBC}") = "Frankdle", "Frankdle\Frankdle.csproj", "{DCAD513E-77B9-48B6-9967-18AE83049083}"
EndProject
Global
	GlobalSection(SolutionConfigurationPlatforms) = preSolution
		Debug|Any CPU = Debug|Any CPU
		Release|Any CPU = Release|Any CPU
	EndGlobalSection
	GlobalSection(ProjectConfigurationPlatforms) = postSolution
		{DCAD513E-77B9-48B6-9967-18AE83049083}.Debug|Any CPU.ActiveCfg = Debug|Any CPU
		{DCAD513E-77B9-48B6-9967-18AE83049083}.Debug|Any CPU.Build.0 = Debug|Any CPU
		{DCAD513E-77B9-48B6-9967-18AE83049083}.Release|Any CPU.ActiveCfg = Release|Any CPU
		{DCAD513E-77B9-48B6-9967-18AE83049083}.Release|Any CPU.Build.0 = Release|Any CPU
	EndGlobalSection
	GlobalSection(SolutionProperties) = preSolution
		HideSolutionNode = FALSE
	EndGlobalSection
	GlobalSection(ExtensibilityGlobals) = postSolution
		SolutionGuid = {02B4DDF7-6326-4168-8632-7C98984D7970}
	EndGlobalSection
EndGlobal
